<?xml version="1.0" encoding="utf-8"?>
<Project ToolsVersion="4.0" xmlns="http://schemas.microsoft.com/developer/msbuild/2003">
  <ItemGroup>
    <ClCompile Include="main.cpp" />
    <ClCompile Include="Graphics\Renderer.cpp">
      <Filter>Graphics</Filter>
    </ClCompile>
    <ClCompile Include="Graphics\Window.cpp">
      <Filter>Graphics</Filter>
    </ClCompile>
    <ClCompile Include="Graphics\SDLEnvironment.cpp">
      <Filter>Graphics</Filter>
    </ClCompile>
    <ClCompile Include="Graphics\Fonts.cpp">
      <Filter>Graphics</Filter>
    </ClCompile>
    <ClCompile Include="Graphics\Colors.cpp">
      <Filter>Graphics</Filter>
    </ClCompile>
    <ClCompile Include="UI\UI.cpp">
      <Filter>UI</Filter>
    </ClCompile>
    <ClCompile Include="Input\SDLEventProducer.cpp">
      <Filter>Input</Filter>
    </ClCompile>
    <ClCompile Include="Game\Game.cpp">
      <Filter>Game</Filter>
    </ClCompile>
    <ClCompile Include="UI\Panel.cpp">
      <Filter>UI</Filter>
    </ClCompile>
    <ClCompile Include="UI\Control.cpp">
      <Filter>UI</Filter>
    </ClCompile>
    <ClCompile Include="UI\PipelineControl.cpp">
      <Filter>UI</Filter>
    </ClCompile>
    <ClCompile Include="Scripting\Runtime.cpp">
      <Filter>Scripting</Filter>
    </ClCompile>
    <ClCompile Include="Utilities\Logging.cpp">
      <Filter>Utilities</Filter>
    </ClCompile>
  </ItemGroup>
  <ItemGroup>
    <Filter Include="Graphics">
      <UniqueIdentifier>{30b7549e-771f-43dd-a5f6-9e7253f55130}</UniqueIdentifier>
    </Filter>
    <Filter Include="UI">
      <UniqueIdentifier>{bce1505d-0daa-47a1-9318-9df9e560d507}</UniqueIdentifier>
    </Filter>
    <Filter Include="Utilities">
      <UniqueIdentifier>{027abd0b-0b57-42da-a47e-85847f7f2c46}</UniqueIdentifier>
    </Filter>
    <Filter Include="Input">
      <UniqueIdentifier>{bf463049-b41e-4ef2-b6f4-9e71859e3b48}</UniqueIdentifier>
    </Filter>
    <Filter Include="Game">
      <UniqueIdentifier>{9b13ccba-df20-4970-a733-5f1664f8182b}</UniqueIdentifier>
    </Filter>
    <Filter Include="Scripting">
      <UniqueIdentifier>{48812545-8dda-46bd-a852-87c50bb38c69}</UniqueIdentifier>
    </Filter>
  </ItemGroup>
  <ItemGroup>
    <ClInclude Include="Graphics\Renderer.h">
      <Filter>Graphics</Filter>
    </ClInclude>
    <ClInclude Include="Graphics\Window.h">
      <Filter>Graphics</Filter>
    </ClInclude>
    <ClInclude Include="Graphics\SDLEnvironment.h">
      <Filter>Graphics</Filter>
    </ClInclude>
    <ClInclude Include="Graphics\Fonts.h">
      <Filter>Graphics</Filter>
    </ClInclude>
    <ClInclude Include="Graphics\Colors.h">
      <Filter>Graphics</Filter>
    </ClInclude>
    <ClInclude Include="UI\UI.h">
      <Filter>UI</Filter>
    </ClInclude>
    <ClInclude Include="UI\Control.h">
      <Filter>UI</Filter>
    </ClInclude>
    <ClInclude Include="Utilities\Producer.h">
      <Filter>Utilities</Filter>
    </ClInclude>
    <ClInclude Include="Input\SDLEventProducer.h">
      <Filter>Input</Filter>
    </ClInclude>
    <ClInclude Include="Utilities\Consumer.h">
      <Filter>Utilities</Filter>
    </ClInclude>
    <ClInclude Include="Game\Game.h">
      <Filter>Game</Filter>
    </ClInclude>
    <ClInclude Include="UI\UIEvent.h">
      <Filter>UI</Filter>
    </ClInclude>
    <ClInclude Include="UI\Panel.h">
      <Filter>UI</Filter>
    </ClInclude>
    <ClInclude Include="Graphics\Geometry.h">
      <Filter>Graphics</Filter>
    </ClInclude>
    <ClInclude Include="UI\PipelineControl.h">
      <Filter>UI</Filter>
    </ClInclude>
    <ClInclude Include="Utilities\Transformer.h">
      <Filter>Utilities</Filter>
    </ClInclude>
    <ClInclude Include="UI\PipelineControlEvent.h">
      <Filter>UI</Filter>
    </ClInclude>
    <ClInclude Include="Scripting\Dictionary.h">
      <Filter>Scripting</Filter>
    </ClInclude>
    <ClInclude Include="Scripting\Runtime.h">
      <Filter>Scripting</Filter>
    </ClInclude>
    <ClInclude Include="Utilities\Logging.h">
      <Filter>Utilities</Filter>
    </ClInclude>
  </ItemGroup>
</Project>